// !$*UTF8*$!
{
	archiveVersion = 1;
	classes = {
	};
	objectVersion = 46;
	objects = {

/* Begin PBXBuildFile section */
		F84CA1621C1829860011526A /* main.m in Sources */ = {isa = PBXBuildFile; fileRef = F84CA1611C1829860011526A /* main.m */; };
		F84CA1651C1829860011526A /* AppDelegate.m in Sources */ = {isa = PBXBuildFile; fileRef = F84CA1641C1829860011526A /* AppDelegate.m */; };
		F84CA1681C1829860011526A /* ViewController.m in Sources */ = {isa = PBXBuildFile; fileRef = F84CA1671C1829860011526A /* ViewController.m */; };
		F84CA16B1C1829860011526A /* Main.storyboard in Resources */ = {isa = PBXBuildFile; fileRef = F84CA1691C1829860011526A /* Main.storyboard */; };
		F84CA16D1C1829860011526A /* Assets.xcassets in Resources */ = {isa = PBXBuildFile; fileRef = F84CA16C1C1829860011526A /* Assets.xcassets */; };
		F84CA1701C1829860011526A /* LaunchScreen.storyboard in Resources */ = {isa = PBXBuildFile; fileRef = F84CA16E1C1829860011526A /* LaunchScreen.storyboard */; };
/* End PBXBuildFile section */

/* Begin PBXFileReference section */
		F84CA15D1C1829860011526A /* Rabbit.app */ = {isa = PBXFileReference; explicitFileType = wrapper.application; includeInIndex = 0; path = Rabbit.app; sourceTree = BUILT_PRODUCTS_DIR; };
		F84CA1611C1829860011526A /* main.m */ = {isa = PBXFileReference; lastKnownFileType = sourcecode.c.objc; path = main.m; sourceTree = "<group>"; };
		F84CA1631C1829860011526A /* AppDelegate.h */ = {isa = PBXFileReference; lastKnownFileType = sourcecode.c.h; path = AppDelegate.h; sourceTree = "<group>"; };
		F84CA1641C1829860011526A /* AppDelegate.m */ = {isa = PBXFileReference; lastKnownFileType = sourcecode.c.objc; path = AppDelegate.m; sourceTree = "<group>"; };
		F84CA1661C1829860011526A /* ViewController.h */ = {isa = PBXFileReference; lastKnownFileType = sourcecode.c.h; path = ViewController.h; sourceTree = "<group>"; };
		F84CA1671C1829860011526A /* ViewController.m */ = {isa = PBXFileReference; lastKnownFileType = sourcecode.c.objc; path = ViewController.m; sourceTree = "<group>"; };
		F84CA16A1C1829860011526A /* Base */ = {isa = PBXFileReference; lastKnownFileType = file.storyboard; name = Base; path = Base.lproj/Main.storyboard; sourceTree = "<group>"; };
		F84CA16C1C1829860011526A /* Assets.xcassets */ = {isa = PBXFileReference; lastKnownFileType = folder.assetcatalog; path = Assets.xcassets; sourceTree = "<group>"; };
		F84CA16F1C1829860011526A /* Base */ = {isa = PBXFileReference; lastKnownFileType = file.storyboard; name = Base; path = Base.lproj/LaunchScreen.storyboard; sourceTree = "<group>"; };
		F84CA1711C1829860011526A /* Info.plist */ = {isa = PBXFileReference; lastKnownFileType = text.plist.xml; path = Info.plist; sourceTree = "<group>"; };
/* End PBXFileReference section */

/* Begin PBXFrameworksBuildPhase section */
		F84CA15A1C1829860011526A /* Frameworks */ = {
			isa = PBXFrameworksBuildPhase;
			buildActionMask = 2147483647;
			files = (
			);
			runOnlyForDeploymentPostprocessing = 0;
		};
/* End PBXFrameworksBuildPhase section */

/* Begin PBXGroup section */
		F84CA1541C1829860011526A = {
			isa = PBXGroup;
			children = (
				F84CA15F1C1829860011526A /* Rabbit */,
				F84CA15E1C1829860011526A /* Products */,
			);
			sourceTree = "<group>";
		};
		F84CA15E1C1829860011526A /* Products */ = {
			isa = PBXGroup;
			children = (
				F84CA15D1C1829860011526A /* Rabbit.app */,
			);
			name = Products;
			sourceTree = "<group>";
		};
		F84CA15F1C1829860011526A /* Rabbit */ = {
			isa = PBXGroup;
			children = (
				F84CA1631C1829860011526A /* AppDelegate.h */,
				F84CA1641C1829860011526A /* AppDelegate.m */,
				F84CA1661C1829860011526A /* ViewController.h */,
				F84CA1671C1829860011526A /* ViewController.m */,
				F84CA1691C1829860011526A /* Main.storyboard */,
				F84CA16C1C1829860011526A /* Assets.xcassets */,
				F84CA16E1C1829860011526A /* LaunchScreen.storyboard */,
				F84CA1711C1829860011526A /* Info.plist */,
				F84CA1601C1829860011526A /* Supporting Files */,
			);
			path = Rabbit;
			sourceTree = "<group>";
		};
		F84CA1601C1829860011526A /* Supporting Files */ = {
			isa = PBXGroup;
			children = (
				F84CA1611C1829860011526A /* main.m */,
			);
			name = "Supporting Files";
			sourceTree = "<group>";
		};
/* End PBXGroup section */

/* Begin PBXNativeTarget section */
		F84CA15C1C1829860011526A /* Rabbit */ = {
			isa = PBXNativeTarget;
			buildConfigurationList = F84CA1741C1829860011526A /* Build configuration list for PBXNativeTarget "Rabbit" */;
			buildPhases = (
				F84CA1591C1829860011526A /* Sources */,
				F84CA15A1C1829860011526A /* Frameworks */,
				F84CA15B1C1829860011526A /* Resources */,
			);
			buildRules = (
			);
			dependencies = (
			);
			name = Rabbit;
			productName = Rabbit;
			productReference = F84CA15D1C1829860011526A /* Rabbit.app */;
			productType = "com.apple.product-type.application";
		};
/* End PBXNativeTarget section */

/* Begin PBXProject section */
		F84CA1551C1829860011526A /* Project object */ = {
			isa = PBXProject;
			attributes = {
				LastUpgradeCheck = 0710;
				ORGANIZATIONNAME = Cookrin;
				TargetAttributes = {
					F84CA15C1C1829860011526A = {
						CreatedOnToolsVersion = 7.1.1;
					};
				};
			};
			buildConfigurationList = F84CA1581C1829860011526A /* Build configuration list for PBXProject "Rabbit" */;
			compatibilityVersion = "Xcode 3.2";
			developmentRegion = English;
			hasScannedForEncodings = 0;
			knownRegions = (
				en,
				Base,
			);
			mainGroup = F84CA1541C1829860011526A;
			productRefGroup = F84CA15E1C1829860011526A /* Products */;
			projectDirPath = "";
			projectRoot = "";
			targets = (
				F84CA15C1C1829860011526A /* Rabbit */,
			);
		};
/* End PBXProject section */

/* Begin PBXResourcesBuildPhase section */
		F84CA15B1C1829860011526A /* Resources */ = {
			isa = PBXResourcesBuildPhase;
			buildActionMask = 2147483647;
			files = (
				F84CA1701C1829860011526A /* LaunchScreen.storyboard in Resources */,
				F84CA16D1C1829860011526A /* Assets.xcassets in Resources */,
				F84CA16B1C1829860011526A /* Main.storyboard in Resources */,
			);
			runOnlyForDeploymentPostprocessing = 0;
		};
/* End PBXResourcesBuildPhase section */

/* Begin PBXSourcesBuildPhase section */
		F84CA1591C1829860011526A /* Sources */ = {
			isa = PBXSourcesBuildPhase;
			buildActionMask = 2147483647;
			files = (
				F84CA1681C1829860011526A /* ViewController.m in Sources */,
				F84CA1651C1829860011526A /* AppDelegate.m in Sources */,
				F84CA1621C1829860011526A /* main.m in Sources */,
			);
			runOnlyForDeploymentPostprocessing = 0;
		};
/* End PBXSourcesBuildPhase section */

/* Begin PBXVariantGroup section */
		F84CA1691C1829860011526A /* Main.storyboard */ = {
			isa = PBXVariantGroup;
			children = (
				F84CA16A1C1829860011526A /* Base */,
			);
			name = Main.storyboard;
			sourceTree = "<group>";
		};
		F84CA16E1C1829860011526A /* LaunchScreen.storyboard */ = {
			isa = PBXVariantGroup;
			children = (
				F84CA16F1C1829860011526A /* Base */,
			);
			name = LaunchScreen.storyboard;
			sourceTree = "<group>";
		};
/* End PBXVariantGroup section */

/* Begin XCBuildConfiguration section */
		F84CA1721C1829860011526A /* Debug */ = {
			isa = XCBuildConfiguration;
			buildSettings = {
				ALWAYS_SEARCH_USER_PATHS = NO;
				CLANG_CXX_LANGUAGE_STANDARD = "gnu++0x";
				CLANG_CXX_LIBRARY = "libc++";
				CLANG_ENABLE_MODULES = YES;
				CLANG_ENABLE_OBJC_ARC = YES;
				CLANG_WARN_BOOL_CONVERSION = YES;
				CLANG_WARN_CONSTANT_CONVERSION = YES;
				CLANG_WARN_DIRECT_OBJC_ISA_USAGE = YES_ERROR;
				CLANG_WARN_EMPTY_BODY = YES;
				CLANG_WARN_ENUM_CONVERSION = YES;
				CLANG_WARN_INT_CONVERSION = YES;
				CLANG_WARN_OBJC_ROOT_CLASS = YES_ERROR;
				CLANG_WARN_UNREACHABLE_CODE = YES;
				CLANG_WARN__DUPLICATE_METHOD_MATCH = YES;
				"CODE_SIGN_IDENTITY[sdk=iphoneos*]" = "iPhone Developer";
				COPY_PHASE_STRIP = NO;
				DEBUG_INFORMATION_FORMAT = dwarf;
				ENABLE_STRICT_OBJC_MSGSEND = YES;
				ENABLE_TESTABILITY = YES;
				GCC_C_LANGUAGE_STANDARD = gnu99;
				GCC_DYNAMIC_NO_PIC = NO;
				GCC_NO_COMMON_BLOCKS = YES;
				GCC_OPTIMIZATION_LEVEL = 0;
				GCC_PREPROCESSOR_DEFINITIONS = (
					"DEBUG=1",
					"$(inherited)",
				);
				GCC_WARN_64_TO_32_BIT_CONVERSION = YES;
				GCC_WARN_ABOUT_RETURN_TYPE = YES_ERROR;
				GCC_WARN_UNDECLARED_SELECTOR = YES;
				GCC_WARN_UNINITIALIZED_AUTOS = YES_AGGRESSIVE;
				GCC_WARN_UNUSED_FUNCTION = YES;
				GCC_WARN_UNUSED_VARIABLE = YES;
				IPHONEOS_DEPLOYMENT_TARGET = 9.1;
				MTL_ENABLE_DEBUG_INFO = YES;
				ONLY_ACTIVE_ARCH = YES;
				SDKROOT = iphoneos;
			};
			name = Debug;
		};
		F84CA1731C1829860011526A /* Release */ = {
			isa = XCBuildConfiguration;
			buildSettings = {
				ALWAYS_SEARCH_USER_PATHS = NO;
				CLANG_CXX_LANGUAGE_STANDARD = "gnu++0x";
				CLANG_CXX_LIBRARY = "libc++";
				CLANG_ENABLE_MODULES = YES;
				CLANG_ENABLE_OBJC_ARC = YES;
				CLANG_WARN_BOOL_CONVERSION = YES;
				CLANG_WARN_CONSTANT_CONVERSION = YES;
				CLANG_WARN_DIRECT_OBJC_ISA_USAGE = YES_ERROR;
				CLANG_WARN_EMPTY_BODY = YES;
				CLANG_WARN_ENUM_CONVERSION = YES;
				CLANG_WARN_INT_CONVERSION = YES;
				CLANG_WARN_OBJC_ROOT_CLASS = YES_ERROR;
				CLANG_WARN_UNREACHABLE_CODE = YES;
				CLANG_WARN__DUPLICATE_METHOD_MATCH = YES;
				"CODE_SIGN_IDENTITY[sdk=iphoneos*]" = "iPhone Developer";
				COPY_PHASE_STRIP = NO;
				DEBUG_INFORMATION_FORMAT = "dwarf-with-dsym";
				ENABLE_NS_ASSERTIONS = NO;
				ENABLE_STRICT_OBJC_MSGSEND = YES;
				GCC_C_LANGUAGE_STANDARD = gnu99;
				GCC_NO_COMMON_BLOCKS = YES;
				GCC_WARN_64_TO_32_BIT_CONVERSION = YES;
				GCC_WARN_ABOUT_RETURN_TYPE = YES_ERROR;
				GCC_WARN_UNDECLARED_SELECTOR = YES;
				GCC_WARN_UNINITIALIZED_AUTOS = YES_AGGRESSIVE;
				GCC_WARN_UNUSED_FUNCTION = YES;
				GCC_WARN_UNUSED_VARIABLE = YES;
				IPHONEOS_DEPLOYMENT_TARGET = 9.1;
				MTL_ENABLE_DEBUG_INFO = NO;
				SDKROOT = iphoneos;
				VALIDATE_PRODUCT = YES;
			};
			name = Release;
		};
		F84CA1751C1829860011526A /* Debug */ = {
			isa = XCBuildConfiguration;
			buildSettings = {
				ASSETCATALOG_COMPILER_APPICON_NAME = AppIcon;
				INFOPLIST_FILE = Rabbit/Info.plist;
				LD_RUNPATH_SEARCH_PATHS = "$(inherited) @executable_path/Frameworks";
				PRODUCT_BUNDLE_IDENTIFIER = com.Cookrin.Rabbit;
				PRODUCT_NAME = "$(TARGET_NAME)";
			};
			name = Debug;
		};
		F84CA1761C1829860011526A /* Release */ = {
			isa = XCBuildConfiguration;
			buildSettings = {
				ASSETCATALOG_COMPILER_APPICON_NAME = AppIcon;
				INFOPLIST_FILE = Rabbit/Info.plist;
				LD_RUNPATH_SEARCH_PATHS = "$(inherited) @executable_path/Frameworks";
				PRODUCT_BUNDLE_IDENTIFIER = com.Cookrin.Rabbit;
				PRODUCT_NAME = "$(TARGET_NAME)";
			};
			name = Release;
		};
/* End XCBuildConfiguration section */

/* Begin XCConfigurationList section */
		F84CA1581C1829860011526A /* Build configuration list for PBXProject "Rabbit" */ = {
			isa = XCConfigurationList;
			buildConfigurations = (
				F84CA1721C1829860011526A /* Debug */,
				F84CA1731C1829860011526A /* Release */,
			);
			defaultConfigurationIsVisible = 0;
			defaultConfigurationName = Release;
		};
		F84CA1741C1829860011526A /* Build configuration list for PBXNativeTarget "Rabbit" */ = {
			isa = XCConfigurationList;
			buildConfigurations = (
				F84CA1751C1829860011526A /* Debug */,
				F84CA1761C1829860011526A /* Release */,
			);
			defaultConfigurationIsVisible = 0;
		};
/* End XCConfigurationList section */
	};
	rootObject = F84CA1551C1829860011526A /* Project object */;
}
